
Microsoft Visual Studio Solution File, Format Version 12.00
# Visual Studio Version 17
VisualStudioVersion = 17.5.33516.290
MinimumVisualStudioVersion = 10.0.40219.1
Project("{FAE04EC0-301F-11D3-BF4B-00C04F79EFBC}") = "Duke.LogWriter", "Duke.LogWriter.csproj", "{FF2C6746-9F28-480D-BAD6-B46B675E7E69}"
EndProject
Global
	GlobalSection(SolutionConfigurationPlatforms) = preSolution
		Debug|Any CPU = Debug|Any CPU
		Release|Any CPU = Release|Any CPU
	EndGlobalSection
	GlobalSection(ProjectConfigurationPlatforms) = postSolution
		{FF2C6746-9F28-480D-BAD6-B46B675E7E69}.Debug|Any CPU.ActiveCfg = Debug|Any CPU
		{FF2C6746-9F28-480D-BAD6-B46B675E7E69}.Debug|Any CPU.Build.0 = Debug|Any CPU
		{FF2C6746-9F28-480D-BAD6-B46B675E7E69}.Release|Any CPU.ActiveCfg = Release|Any CPU
		{FF2C6746-9F28-480D-BAD6-B46B675E7E69}.Release|Any CPU.Build.0 = Release|Any CPU
	EndGlobalSection
	GlobalSection(SolutionProperties) = preSolution
		HideSolutionNode = FALSE
	EndGlobalSection
	GlobalSection(ExtensibilityGlobals) = postSolution
		SolutionGuid = {2D1170E4-59A2-4EB6-9F13-511B4CE4C6E5}
	EndGlobalSection
EndGlobal
